
Microsoft Visual Studio Solution File, Format Version 12.00
# Visual Studio Version 17
VisualStudioVersion = 17.14.36429.23 d17.14
MinimumVisualStudioVersion = 10.0.40219.1
Project("{8BC9CEB8-8B4A-11D0-8D11-00A0C91BC942}") = "QuanLyNhaSach", "QuanLyNhaSach.vcxproj", "{9FB073B7-4559-4DD7-93EC-C82D38E6050E}"
EndProject
Global
	GlobalSection(SolutionConfigurationPlatforms) = preSolution
		Debug|x64 = Debug|x64
		Debug|x86 = Debug|x86
		Release|x64 = Release|x64
		Release|x86 = Release|x86
	EndGlobalSection
	GlobalSection(ProjectConfigurationPlatforms) = postSolution
		{9FB073B7-4559-4DD7-93EC-C82D38E6050E}.Debug|x64.ActiveCfg = Debug|x64
		{9FB073B7-4559-4DD7-93EC-C82D38E6050E}.Debug|x64.Build.0 = Debug|x64
		{9FB073B7-4559-4DD7-93EC-C82D38E6050E}.Debug|x86.ActiveCfg = Debug|Win32
		{9FB073B7-4559-4DD7-93EC-C82D38E6050E}.Debug|x86.Build.0 = Debug|Win32
		{9FB073B7-4559-4DD7-93EC-C82D38E6050E}.Release|x64.ActiveCfg = Release|x64
		{9FB073B7-4559-4DD7-93EC-C82D38E6050E}.Release|x64.Build.0 = Release|x64
		{9FB073B7-4559-4DD7-93EC-C82D38E6050E}.Release|x86.ActiveCfg = Release|Win32
		{9FB073B7-4559-4DD7-93EC-C82D38E6050E}.Release|x86.Build.0 = Release|Win32
	EndGlobalSection
	GlobalSection(SolutionProperties) = preSolution
		HideSolutionNode = FALSE
	EndGlobalSection
	GlobalSection(ExtensibilityGlobals) = postSolution
		SolutionGuid = {78BFF5C6-6F14-4A98-B0B8-0636007A2BE1}
	EndGlobalSection
EndGlobal
